
Microsoft Visual Studio Solution File, Format Version 11.00
# Visual Studio 2010
Project("{FAE04EC0-301F-11D3-BF4B-00C04F79EFBC}") = "CellDiv", "CellDiv\CellDiv.csproj", "{9628C377-95B6-40C5-ABA3-AB1B2C4D063F}"
EndProject
Project("{FAE04EC0-301F-11D3-BF4B-00C04F79EFBC}") = "DivisionLib", "DivisionLib\DivisionLib.csproj", "{EB58EC76-5768-4954-A760-04080520C4D0}"
EndProject
Project("{FAE04EC0-301F-11D3-BF4B-00C04F79EFBC}") = "CellDivCmd", "CellDivCmd\CellDivCmd.csproj", "{C94E7619-F190-4C7A-9EB4-15EE2B93792A}"
EndProject
Global
	GlobalSection(SolutionConfigurationPlatforms) = preSolution
		Debug|Any CPU = Debug|Any CPU
		Debug|Mixed Platforms = Debug|Mixed Platforms
		Debug|x86 = Debug|x86
		Release|Any CPU = Release|Any CPU
		Release|Mixed Platforms = Release|Mixed Platforms
		Release|x86 = Release|x86
	EndGlobalSection
	GlobalSection(ProjectConfigurationPlatforms) = postSolution
		{9628C377-95B6-40C5-ABA3-AB1B2C4D063F}.Debug|Any CPU.ActiveCfg = Debug|x86
		{9628C377-95B6-40C5-ABA3-AB1B2C4D063F}.Debug|Mixed Platforms.ActiveCfg = Debug|x86
		{9628C377-95B6-40C5-ABA3-AB1B2C4D063F}.Debug|Mixed Platforms.Build.0 = Debug|x86
		{9628C377-95B6-40C5-ABA3-AB1B2C4D063F}.Debug|x86.ActiveCfg = Debug|x86
		{9628C377-95B6-40C5-ABA3-AB1B2C4D063F}.Debug|x86.Build.0 = Debug|x86
		{9628C377-95B6-40C5-ABA3-AB1B2C4D063F}.Release|Any CPU.ActiveCfg = Release|x86
		{9628C377-95B6-40C5-ABA3-AB1B2C4D063F}.Release|Mixed Platforms.ActiveCfg = Release|x86
		{9628C377-95B6-40C5-ABA3-AB1B2C4D063F}.Release|Mixed Platforms.Build.0 = Release|x86
		{9628C377-95B6-40C5-ABA3-AB1B2C4D063F}.Release|x86.ActiveCfg = Release|x86
		{9628C377-95B6-40C5-ABA3-AB1B2C4D063F}.Release|x86.Build.0 = Release|x86
		{EB58EC76-5768-4954-A760-04080520C4D0}.Debug|Any CPU.ActiveCfg = Debug|Any CPU
		{EB58EC76-5768-4954-A760-04080520C4D0}.Debug|Any CPU.Build.0 = Debug|Any CPU
		{EB58EC76-5768-4954-A760-04080520C4D0}.Debug|Mixed Platforms.ActiveCfg = Debug|Any CPU
		{EB58EC76-5768-4954-A760-04080520C4D0}.Debug|Mixed Platforms.Build.0 = Debug|Any CPU
		{EB58EC76-5768-4954-A760-04080520C4D0}.Debug|x86.ActiveCfg = Debug|Any CPU
		{EB58EC76-5768-4954-A760-04080520C4D0}.Release|Any CPU.ActiveCfg = Release|Any CPU
		{EB58EC76-5768-4954-A760-04080520C4D0}.Release|Any CPU.Build.0 = Release|Any CPU
		{EB58EC76-5768-4954-A760-04080520C4D0}.Release|Mixed Platforms.ActiveCfg = Release|Any CPU
		{EB58EC76-5768-4954-A760-04080520C4D0}.Release|Mixed Platforms.Build.0 = Release|Any CPU
		{EB58EC76-5768-4954-A760-04080520C4D0}.Release|x86.ActiveCfg = Release|Any CPU
		{C94E7619-F190-4C7A-9EB4-15EE2B93792A}.Debug|Any CPU.ActiveCfg = Debug|x86
		{C94E7619-F190-4C7A-9EB4-15EE2B93792A}.Debug|Mixed Platforms.ActiveCfg = Debug|x86
		{C94E7619-F190-4C7A-9EB4-15EE2B93792A}.Debug|Mixed Platforms.Build.0 = Debug|x86
		{C94E7619-F190-4C7A-9EB4-15EE2B93792A}.Debug|x86.ActiveCfg = Debug|x86
		{C94E7619-F190-4C7A-9EB4-15EE2B93792A}.Debug|x86.Build.0 = Debug|x86
		{C94E7619-F190-4C7A-9EB4-15EE2B93792A}.Release|Any CPU.ActiveCfg = Release|x86
		{C94E7619-F190-4C7A-9EB4-15EE2B93792A}.Release|Mixed Platforms.ActiveCfg = Release|x86
		{C94E7619-F190-4C7A-9EB4-15EE2B93792A}.Release|Mixed Platforms.Build.0 = Release|x86
		{C94E7619-F190-4C7A-9EB4-15EE2B93792A}.Release|x86.ActiveCfg = Release|x86
		{C94E7619-F190-4C7A-9EB4-15EE2B93792A}.Release|x86.Build.0 = Release|x86
	EndGlobalSection
	GlobalSection(SolutionProperties) = preSolution
		HideSolutionNode = FALSE
	EndGlobalSection
EndGlobal
